{
    "_meta": {
        "hash": {
            "sha256": "edff2b5a10b397d267c14edadd47d206de078045e0c7ae0cfac5d5e10ed72882"
        },
        "pipfile-spec": 6,
        "requires": {
            "python_version": "3.6"
        },
        "sources": [
            {
                "name": "pypi",
                "url": "https://pypi.org/simple",
                "verify_ssl": true
            }
        ]
    },
    "default": {
        "discord.py": {
            "git": "https://github.com/Rapptz/discord.py.git",
            "ref": "rewrite"
        },
        "peewee": {
            "hashes": [
                "sha256:538d7b7f892e59ecbef6eeefb867fd37f20ac77e602b4ee94b2766836cfa24ba"
            ],
            "index": "pypi",
            "version": "==3.6.4"
        }
    },
    "develop": {}
}
